
Microsoft Visual Studio Solution File, Format Version 12.00
# Visual Studio 15
VisualStudioVersion = 15.0.28307.102
MinimumVisualStudioVersion = 10.0.40219.1
Project("{FAE04EC0-301F-11D3-BF4B-00C04F79EFBC}") = "ScreenProtect", "ScreenProtect\ScreenProtect.csproj", "{0A3F2C82-A430-4D85-B07F-2D4D8227C030}"
EndProject
Global
	GlobalSection(SolutionConfigurationPlatforms) = preSolution
		Debug|Any CPU = Debug|Any CPU
		Release|Any CPU = Release|Any CPU
	EndGlobalSection
	GlobalSection(ProjectConfigurationPlatforms) = postSolution
		{0A3F2C82-A430-4D85-B07F-2D4D8227C030}.Debug|Any CPU.ActiveCfg = Debug|Any CPU
		{0A3F2C82-A430-4D85-B07F-2D4D8227C030}.Debug|Any CPU.Build.0 = Debug|Any CPU
		{0A3F2C82-A430-4D85-B07F-2D4D8227C030}.Release|Any CPU.ActiveCfg = Release|Any CPU
		{0A3F2C82-A430-4D85-B07F-2D4D8227C030}.Release|Any CPU.Build.0 = Release|Any CPU
	EndGlobalSection
	GlobalSection(SolutionProperties) = preSolution
		HideSolutionNode = FALSE
	EndGlobalSection
	GlobalSection(ExtensibilityGlobals) = postSolution
		SolutionGuid = {BBCCB354-98E5-4706-9127-AA2EC1CC3C02}
	EndGlobalSection
EndGlobal
